// !$*UTF8*$!
{
	archiveVersion = 1;
	classes = {
	};
	objectVersion = 56;
	objects = {

/* Begin PBXBuildFile section */
		4A1234567890ABCD1234567A /* TryptiqApp.swift in Sources */ = {isa = PBXBuildFile; fileRef = 4A1234567890ABCD1234567B /* TryptiqApp.swift */; };
		4A1234567890ABCD1234567C /* ContentView.swift in Sources */ = {isa = PBXBuildFile; fileRef = 4A1234567890ABCD1234567D /* ContentView.swift */; };
		4A1234567890ABCD1234567E /* TriptychView.swift in Sources */ = {isa = PBXBuildFile; fileRef = 4A1234567890ABCD1234567F /* TriptychView.swift */; };
		4A1234567890ABCD12345680 /* ImageSlot.swift in Sources */ = {isa = PBXBuildFile; fileRef = 4A1234567890ABCD12345681 /* ImageSlot.swift */; };
		4A1234567890ABCD12345697 /* TryptiqLogo.swift in Sources */ = {isa = PBXBuildFile; fileRef = 4A1234567890ABCD12345698 /* TryptiqLogo.swift */; };
		4A1234567890ABCD12345682 /* Assets.xcassets in Resources */ = {isa = PBXBuildFile; fileRef = 4A1234567890ABCD12345683 /* Assets.xcassets */; };
		4A1234567890ABCD12345684 /* Preview Assets.xcassets in Resources */ = {isa = PBXBuildFile; fileRef = 4A1234567890ABCD12345685 /* Preview Assets.xcassets */; };
/* End PBXBuildFile section */

/* Begin PBXFileReference section */
		4A1234567890ABCD12345686 /* Tryptiq.app */ = {isa = PBXFileReference; explicitFileType = wrapper.application; includeInIndex = 0; path = Tryptiq.app; sourceTree = BUILT_PRODUCTS_DIR; };
		4A1234567890ABCD1234567B /* TryptiqApp.swift */ = {isa = PBXFileReference; lastKnownFileType = sourcecode.swift; path = TryptiqApp.swift; sourceTree = "<group>"; };
		4A1234567890ABCD1234567D /* ContentView.swift */ = {isa = PBXFileReference; lastKnownFileType = sourcecode.swift; path = ContentView.swift; sourceTree = "<group>"; };
		4A1234567890ABCD1234567F /* TriptychView.swift */ = {isa = PBXFileReference; lastKnownFileType = sourcecode.swift; path = TriptychView.swift; sourceTree = "<group>"; };
		4A1234567890ABCD12345681 /* ImageSlot.swift */ = {isa = PBXFileReference; lastKnownFileType = sourcecode.swift; path = ImageSlot.swift; sourceTree = "<group>"; };
		4A1234567890ABCD12345698 /* TryptiqLogo.swift */ = {isa = PBXFileReference; lastKnownFileType = sourcecode.swift; path = TryptiqLogo.swift; sourceTree = "<group>"; };
		4A1234567890ABCD12345683 /* Assets.xcassets */ = {isa = PBXFileReference; lastKnownFileType = folder.assetcatalog; path = Assets.xcassets; sourceTree = "<group>"; };
		4A1234567890ABCD12345685 /* Preview Assets.xcassets */ = {isa = PBXFileReference; lastKnownFileType = folder.assetcatalog; path = "Preview Assets.xcassets"; sourceTree = "<group>"; };
		4A1234567890ABCD12345687 /* Tryptiq.entitlements */ = {isa = PBXFileReference; lastKnownFileType = text.plist.entitlements; path = Tryptiq.entitlements; sourceTree = "<group>"; };
/* End PBXFileReference section */

/* Begin PBXFrameworksBuildPhase section */
		4A1234567890ABCD12345688 /* Frameworks */ = {
			isa = PBXFrameworksBuildPhase;
			buildActionMask = 2147483647;
			files = (
			);
			runOnlyForDeploymentPostprocessing = 0;
		};
/* End PBXFrameworksBuildPhase section */

/* Begin PBXGroup section */
		4A1234567890ABCD12345689 = {
			isa = PBXGroup;
			children = (
				4A1234567890ABCD1234568A /* Tryptiq */,
				4A1234567890ABCD1234568B /* Products */,
			);
			sourceTree = "<group>";
		};
		4A1234567890ABCD1234568A /* Tryptiq */ = {
			isa = PBXGroup;
			children = (
				4A1234567890ABCD1234567B /* TryptiqApp.swift */,
				4A1234567890ABCD1234567D /* ContentView.swift */,
				4A1234567890ABCD1234567F /* TriptychView.swift */,
				4A1234567890ABCD12345681 /* ImageSlot.swift */,
				4A1234567890ABCD12345698 /* TryptiqLogo.swift */,
				4A1234567890ABCD12345683 /* Assets.xcassets */,
				4A1234567890ABCD12345687 /* Tryptiq.entitlements */,
				4A1234567890ABCD1234568C /* Preview Content */,
			);
			path = Tryptiq;
			sourceTree = "<group>";
		};
		4A1234567890ABCD1234568B /* Products */ = {
			isa = PBXGroup;
			children = (
				4A1234567890ABCD12345686 /* Tryptiq.app */,
			);
			name = Products;
			sourceTree = "<group>";
		};
		4A1234567890ABCD1234568C /* Preview Content */ = {
			isa = PBXGroup;
			children = (
				4A1234567890ABCD12345685 /* Preview Assets.xcassets */,
			);
			path = "Preview Content";
			sourceTree = "<group>";
		};
/* End PBXGroup section */

/* Begin PBXNativeTarget section */
		4A1234567890ABCD1234568D /* Tryptiq */ = {
			isa = PBXNativeTarget;
			buildConfigurationList = 4A1234567890ABCD1234568E /* Build configuration list for PBXNativeTarget "Tryptiq" */;
			buildPhases = (
				4A1234567890ABCD1234568F /* Sources */,
				4A1234567890ABCD12345688 /* Frameworks */,
				4A1234567890ABCD12345690 /* Resources */,
			);
			buildRules = (
			);
			dependencies = (
			);
			name = Tryptiq;
			productName = Tryptiq;
			productReference = 4A1234567890ABCD12345686 /* Tryptiq.app */;
			productType = "com.apple.product-type.application";
		};
/* End PBXNativeTarget section */

/* Begin PBXProject section */
		4A1234567890ABCD12345691 /* Project object */ = {
			isa = PBXProject;
			attributes = {
				BuildIndependentTargetsInParallel = 1;
				LastSwiftUpdateCheck = 1500;
				LastUpgradeCheck = 1500;
				TargetAttributes = {
					4A1234567890ABCD1234568D = {
						CreatedOnToolsVersion = 15.0;
						DevelopmentTeam = "";
					};
				};
			};
			buildConfigurationList = 4A1234567890ABCD12345692 /* Build configuration list for PBXProject "Tryptiq" */;
			compatibilityVersion = "Xcode 14.0";
			developmentRegion = en;
			hasScannedForEncodings = 0;
			knownRegions = (
				en,
				Base,
			);
			mainGroup = 4A1234567890ABCD12345689;
			productRefGroup = 4A1234567890ABCD1234568B /* Products */;
			projectDirPath = "";
			projectRoot = "";
			targets = (
				4A1234567890ABCD1234568D /* Tryptiq */,
			);
		};
/* End PBXProject section */

/* Begin PBXResourcesBuildPhase section */
		4A1234567890ABCD12345690 /* Resources */ = {
			isa = PBXResourcesBuildPhase;
			buildActionMask = 2147483647;
			files = (
				4A1234567890ABCD12345684 /* Preview Assets.xcassets in Resources */,
				4A1234567890ABCD12345682 /* Assets.xcassets in Resources */,
			);
			runOnlyForDeploymentPostprocessing = 0;
		};
/* End PBXResourcesBuildPhase section */

/* Begin PBXSourcesBuildPhase section */
		4A1234567890ABCD1234568F /* Sources */ = {
			isa = PBXSourcesBuildPhase;
			buildActionMask = 2147483647;
			files = (
				4A1234567890ABCD1234567C /* ContentView.swift in Sources */,
				4A1234567890ABCD1234567E /* TriptychView.swift in Sources */,
				4A1234567890ABCD12345680 /* ImageSlot.swift in Sources */,
				4A1234567890ABCD12345697 /* TryptiqLogo.swift in Sources */,
				4A1234567890ABCD1234567A /* TryptiqApp.swift in Sources */,
			);
			runOnlyForDeploymentPostprocessing = 0;
		};
/* End PBXSourcesBuildPhase section */

/* Begin XCBuildConfiguration section */
		4A1234567890ABCD12345693 /* Debug */ = {
			isa = XCBuildConfiguration;
			buildSettings = {
				ALWAYS_SEARCH_USER_PATHS = NO;
				ASSETCATALOG_COMPILER_GENERATE_SWIFT_ASSET_SYMBOL_EXTENSIONS = YES;
				CLANG_ANALYZER_NONNULL = YES;
				CLANG_ANALYZER_NUMBER_OBJECT_CONVERSION = YES_AGGRESSIVE;
				CLANG_CXX_LANGUAGE_STANDARD = "gnu++20";
				CLANG_ENABLE_MODULES = YES;
				CLANG_ENABLE_OBJC_ARC = YES;
				CLANG_ENABLE_OBJC_WEAK = YES;
				CLANG_WARN_BLOCK_CAPTURE_AUTORELEASING = YES;
				CLANG_WARN_BOOL_CONVERSION = YES;
				CLANG_WARN_COMMA = YES;
				CLANG_WARN_CONSTANT_CONVERSION = YES;
				CLANG_WARN_DEPRECATED_OBJC_IMPLEMENTATIONS = YES;
				CLANG_WARN_DIRECT_OBJC_ISA_USAGE = YES_ERROR;
				CLANG_WARN_DOCUMENTATION_COMMENTS = YES;
				CLANG_WARN_EMPTY_BODY = YES;
				CLANG_WARN_ENUM_CONVERSION = YES;
				CLANG_WARN_INFINITE_RECURSION = YES;
				CLANG_WARN_INT_CONVERSION = YES;
				CLANG_WARN_NON_LITERAL_NULL_CONVERSION = YES;
				CLANG_WARN_OBJC_IMPLICIT_RETAIN_SELF = YES;
				CLANG_WARN_OBJC_LITERAL_CONVERSION = YES;
				CLANG_WARN_OBJC_ROOT_CLASS = YES_ERROR;
				CLANG_WARN_QUOTED_INCLUDE_IN_FRAMEWORK_HEADER = YES;
				CLANG_WARN_RANGE_LOOP_ANALYSIS = YES;
				CLANG_WARN_STRICT_PROTOTYPES = YES;
				CLANG_WARN_SUSPICIOUS_MOVE = YES;
				CLANG_WARN_UNGUARDED_AVAILABILITY = YES_AGGRESSIVE;
				CLANG_WARN_UNREACHABLE_CODE = YES;
				CLANG_WARN__DUPLICATE_METHOD_MATCH = YES;
				COPY_PHASE_STRIP = NO;
				DEBUG_INFORMATION_FORMAT = dwarf;
				ENABLE_STRICT_OBJC_MSGSEND = YES;
				ENABLE_TESTABILITY = YES;
				ENABLE_USER_SCRIPT_SANDBOXING = YES;
				GCC_C_LANGUAGE_STANDARD = gnu17;
				GCC_DYNAMIC_NO_PIC = NO;
				GCC_NO_COMMON_BLOCKS = YES;
				GCC_OPTIMIZATION_LEVEL = 0;
				GCC_PREPROCESSOR_DEFINITIONS = (
					"DEBUG=1",
					"$(inherited)",
				);
				GCC_WARN_64_TO_32_BIT_CONVERSION = YES;
				GCC_WARN_ABOUT_RETURN_TYPE = YES_ERROR;
				GCC_WARN_UNDECLARED_SELECTOR = YES;
				GCC_WARN_UNINITIALIZED_AUTOS = YES_AGGRESSIVE;
				GCC_WARN_UNUSED_FUNCTION = YES;
				GCC_WARN_UNUSED_VARIABLE = YES;
				LOCALIZATION_PREFERS_STRING_CATALOGS = YES;
				MACOSX_DEPLOYMENT_TARGET = 14.0;
				MTL_ENABLE_DEBUG_INFO = INCLUDE_SOURCE;
				MTL_FAST_MATH = YES;
				ONLY_ACTIVE_ARCH = YES;
				SDKROOT = macosx;
				SWIFT_ACTIVE_COMPILATION_CONDITIONS = "DEBUG $(inherited)";
				SWIFT_OPTIMIZATION_LEVEL = "-Onone";
			};
			name = Debug;
		};
		4A1234567890ABCD12345694 /* Release */ = {
			isa = XCBuildConfiguration;
			buildSettings = {
				ALWAYS_SEARCH_USER_PATHS = NO;
				ASSETCATALOG_COMPILER_GENERATE_SWIFT_ASSET_SYMBOL_EXTENSIONS = YES;
				CLANG_ANALYZER_NONNULL = YES;
				CLANG_ANALYZER_NUMBER_OBJECT_CONVERSION = YES_AGGRESSIVE;
				CLANG_CXX_LANGUAGE_STANDARD = "gnu++20";
				CLANG_ENABLE_MODULES = YES;
				CLANG_ENABLE_OBJC_ARC = YES;
				CLANG_ENABLE_OBJC_WEAK = YES;
				CLANG_WARN_BLOCK_CAPTURE_AUTORELEASING = YES;
				CLANG_WARN_BOOL_CONVERSION = YES;
				CLANG_WARN_COMMA = YES;
				CLANG_WARN_CONSTANT_CONVERSION = YES;
				CLANG_WARN_DEPRECATED_OBJC_IMPLEMENTATIONS = YES;
				CLANG_WARN_DIRECT_OBJC_ISA_USAGE = YES_ERROR;
				CLANG_WARN_DOCUMENTATION_COMMENTS = YES;
				CLANG_WARN_EMPTY_BODY = YES;
				CLANG_WARN_ENUM_CONVERSION = YES;
				CLANG_WARN_INFINITE_RECURSION = YES;
				CLANG_WARN_INT_CONVERSION = YES;
				CLANG_WARN_NON_LITERAL_NULL_CONVERSION = YES;
				CLANG_WARN_OBJC_IMPLICIT_RETAIN_SELF = YES;
				CLANG_WARN_OBJC_LITERAL_CONVERSION = YES;
				CLANG_WARN_OBJC_ROOT_CLASS = YES_ERROR;
				CLANG_WARN_QUOTED_INCLUDE_IN_FRAMEWORK_HEADER = YES;
				CLANG_WARN_RANGE_LOOP_ANALYSIS = YES;
				CLANG_WARN_STRICT_PROTOTYPES = YES;
				CLANG_WARN_SUSPICIOUS_MOVE = YES;
				CLANG_WARN_UNGUARDED_AVAILABILITY = YES_AGGRESSIVE;
				CLANG_WARN_UNREACHABLE_CODE = YES;
				CLANG_WARN__DUPLICATE_METHOD_MATCH = YES;
				COPY_PHASE_STRIP = NO;
				DEBUG_INFORMATION_FORMAT = "dwarf-with-dsym";
				ENABLE_NS_ASSERTIONS = NO;
				ENABLE_STRICT_OBJC_MSGSEND = YES;
				ENABLE_USER_SCRIPT_SANDBOXING = YES;
				GCC_C_LANGUAGE_STANDARD = gnu17;
				GCC_NO_COMMON_BLOCKS = YES;
				GCC_WARN_64_TO_32_BIT_CONVERSION = YES;
				GCC_WARN_ABOUT_RETURN_TYPE = YES_ERROR;
				GCC_WARN_UNDECLARED_SELECTOR = YES;
				GCC_WARN_UNINITIALIZED_AUTOS = YES_AGGRESSIVE;
				GCC_WARN_UNUSED_FUNCTION = YES;
				GCC_WARN_UNUSED_VARIABLE = YES;
				LOCALIZATION_PREFERS_STRING_CATALOGS = YES;
				MACOSX_DEPLOYMENT_TARGET = 14.0;
				MTL_ENABLE_DEBUG_INFO = NO;
				MTL_FAST_MATH = YES;
				SDKROOT = macosx;
				SWIFT_COMPILATION_MODE = wholemodule;
			};
			name = Release;
		};
		4A1234567890ABCD12345695 /* Debug */ = {
			isa = XCBuildConfiguration;
			buildSettings = {
				ASSETCATALOG_COMPILER_APPICON_NAME = AppIcon;
				ASSETCATALOG_COMPILER_GLOBAL_ACCENT_COLOR_NAME = AccentColor;
				CODE_SIGN_ENTITLEMENTS = Tryptiq/Tryptiq.entitlements;
				CODE_SIGN_STYLE = Automatic;
				COMBINE_HIDPI_IMAGES = YES;
				CURRENT_PROJECT_VERSION = 1;
				DEVELOPMENT_ASSET_PATHS = "\"Tryptiq/Preview Content\"";
				DEVELOPMENT_TEAM = "";
				ENABLE_HARDENED_RUNTIME = YES;
				ENABLE_PREVIEWS = YES;
				GENERATE_INFOPLIST_FILE = YES;
				INFOPLIST_KEY_NSHumanReadableCopyright = "";
				INFOPLIST_KEY_NSPrincipalClass = NSApplication;
				LD_RUNPATH_SEARCH_PATHS = (
					"$(inherited)",
					"@executable_path/../Frameworks",
				);
				MARKETING_VERSION = 1.0;
				PRODUCT_BUNDLE_IDENTIFIER = com.yourname.Tryptiq;
				PRODUCT_NAME = "$(TARGET_NAME)";
				SWIFT_EMIT_LOC_STRINGS = YES;
				SWIFT_VERSION = 5.0;
			};
			name = Debug;
		};
		4A1234567890ABCD12345696 /* Release */ = {
			isa = XCBuildConfiguration;
			buildSettings = {
				ASSETCATALOG_COMPILER_APPICON_NAME = AppIcon;
				ASSETCATALOG_COMPILER_GLOBAL_ACCENT_COLOR_NAME = AccentColor;
				CODE_SIGN_ENTITLEMENTS = Tryptiq/Tryptiq.entitlements;
				CODE_SIGN_STYLE = Automatic;
				COMBINE_HIDPI_IMAGES = YES;
				CURRENT_PROJECT_VERSION = 1;
				DEVELOPMENT_ASSET_PATHS = "\"Tryptiq/Preview Content\"";
				DEVELOPMENT_TEAM = "";
				ENABLE_HARDENED_RUNTIME = YES;
				ENABLE_PREVIEWS = YES;
				GENERATE_INFOPLIST_FILE = YES;
				INFOPLIST_KEY_NSHumanReadableCopyright = "";
				INFOPLIST_KEY_NSPrincipalClass = NSApplication;
				LD_RUNPATH_SEARCH_PATHS = (
					"$(inherited)",
					"@executable_path/../Frameworks",
				);
				MARKETING_VERSION = 1.0;
				PRODUCT_BUNDLE_IDENTIFIER = com.yourname.Tryptiq;
				PRODUCT_NAME = "$(TARGET_NAME)";
				SWIFT_EMIT_LOC_STRINGS = YES;
				SWIFT_VERSION = 5.0;
			};
			name = Release;
		};
/* End XCBuildConfiguration section */

/* Begin XCConfigurationList section */
		4A1234567890ABCD1234568E /* Build configuration list for PBXNativeTarget "Tryptiq" */ = {
			isa = XCConfigurationList;
			buildConfigurations = (
				4A1234567890ABCD12345695 /* Debug */,
				4A1234567890ABCD12345696 /* Release */,
			);
			defaultConfigurationIsVisible = 0;
			defaultConfigurationName = Release;
		};
		4A1234567890ABCD12345692 /* Build configuration list for PBXProject "Tryptiq" */ = {
			isa = XCConfigurationList;
			buildConfigurations = (
				4A1234567890ABCD12345693 /* Debug */,
				4A1234567890ABCD12345694 /* Release */,
				);
			defaultConfigurationIsVisible = 0;
			defaultConfigurationName = Release;
		};
/* End XCConfigurationList section */
	};
	rootObject = 4A1234567890ABCD12345691 /* Project object */;
} 